PODS:
  - CombineCocoa (0.4.0)
  - CombineKeyboard (1.0.0)
  - DifferenceKit/Core (1.1.3)
  - DifferenceKit/UIKitExtension (1.1.3):
    - DifferenceKit/Core
  - Nuke (7.6.3)
  - ReSwift (5.0.0)
  - ReSwiftThunk (1.2.0):
    - ReSwift (~> 5.0)
    - ReSwiftThunk/Core (= 1.2.0)
  - ReSwiftThunk/Core (1.2.0):
    - ReSwift (~> 5.0)

DEPENDENCIES:
  - CombineCocoa
  - CombineKeyboard
  - DifferenceKit/UIKitExtension
  - Nuke (~> 7.4)
  - ReSwift
  - ReSwiftThunk

SPEC REPOS:
  trunk:
    - CombineCocoa
    - CombineKeyboard
    - DifferenceKit
    - Nuke
    - ReSwift
    - ReSwiftThunk

SPEC CHECKSUMS:
  CombineCocoa: 68a050228ce7c53c1c5ac2c57cccf92a7f5c5085
  CombineKeyboard: 6339ebb8a887429cd16b6d8753fae6e9664ba642
  DifferenceKit: 5018791b6c1fc839921a3c171a0a539ace6ea60c
  Nuke: 44130e95e09463f8773ae4b96b90de1eba6b3350
  ReSwift: 628f1a9b3ee52e3b3ca2a644435472fd77afafe1
  ReSwiftThunk: 23c8ea9092d9dc94b72005f19352dbd37fa42533

PODFILE CHECKSUM: d428ba64c90b22bd6b18ca1ba07db4d4b5dbe336

COCOAPODS: 1.8.3
