PODS:
  - ReSwift (4.0.1)
  - RxCocoa (4.1.1):
    - RxSwift (~> 4.0)
  - RxKeyboard (0.8.1):
    - RxCocoa (>= 4.0.0)
    - RxSwift (>= 4.0.0)
  - RxSwift (4.1.1)
  - SDWebImage (4.2.3):
    - SDWebImage/Core (= 4.2.3)
  - SDWebImage/Core (4.2.3)

DEPENDENCIES:
  - ReSwift (~> 4.0)
  - RxCocoa (~> 4.0)
  - RxKeyboard
  - RxSwift (~> 4.0)
  - SDWebImage (~> 4.0)

SPEC REPOS:
  https://github.com/CocoaPods/Specs.git:
    - ReSwift
    - RxCocoa
    - RxKeyboard
    - RxSwift
    - SDWebImage

SPEC CHECKSUMS:
  ReSwift: f4012c613e13da7398827fe5aebdb938eaed40a3
  RxCocoa: fd0862fd2df95fa55562ad28ffd2522c25eb4a85
  RxKeyboard: 28d984440671becc75350b1dfae7ae08d31076df
  RxSwift: c6e3b1c7b325c7d121cd4327e9d98b7ed746b570
  SDWebImage: 791bb72962b3492327ddcac4b1880bd1b5458431

PODFILE CHECKSUM: d1cbeae9556ba8e42adfe585468d634913d55a74

COCOAPODS: 1.5.0
