// !$*UTF8*$!
{
	archiveVersion = 1;
	classes = {
	};
	objectVersion = 48;
	objects = {

/* Begin PBXBuildFile section */
		2BB56F98FD90D772FD4F4C63 /* Pods_ReduxMovieDB.framework in Frameworks */ = {isa = PBXBuildFile; fileRef = FE35D096699EA77E6EA5F571 /* Pods_ReduxMovieDB.framework */; };
		800E401F217FA5E300C2A3BD /* Movie+Differentiable.swift in Sources */ = {isa = PBXBuildFile; fileRef = 800E401E217FA5E300C2A3BD /* Movie+Differentiable.swift */; };
		802CD6A221D6A8D2000FF852 /* MovieDetailViewStateTests.swift in Sources */ = {isa = PBXBuildFile; fileRef = 802CD6A121D6A8D2000FF852 /* MovieDetailViewStateTests.swift */; };
		805B438C2198971A004A7C28 /* UITableView+DiffUpdate.swift in Sources */ = {isa = PBXBuildFile; fileRef = 805B438B21989719004A7C28 /* UITableView+DiffUpdate.swift */; };
		80673C8D2030C3DA0091B48F /* AppDelegate.swift in Sources */ = {isa = PBXBuildFile; fileRef = 80673C8C2030C3DA0091B48F /* AppDelegate.swift */; };
		80673C8F2030C3DA0091B48F /* SplitViewController.swift in Sources */ = {isa = PBXBuildFile; fileRef = 80673C8E2030C3DA0091B48F /* SplitViewController.swift */; };
		80673C922030C3DA0091B48F /* Main.storyboard in Resources */ = {isa = PBXBuildFile; fileRef = 80673C902030C3DA0091B48F /* Main.storyboard */; };
		80673C942030C3DA0091B48F /* Assets.xcassets in Resources */ = {isa = PBXBuildFile; fileRef = 80673C932030C3DA0091B48F /* Assets.xcassets */; };
		80673C972030C3DA0091B48F /* LaunchScreen.storyboard in Resources */ = {isa = PBXBuildFile; fileRef = 80673C952030C3DA0091B48F /* LaunchScreen.storyboard */; };
		80673CA22030C3DA0091B48F /* MainStateTests.swift in Sources */ = {isa = PBXBuildFile; fileRef = 80673CA12030C3DA0091B48F /* MainStateTests.swift */; };
		80673CAD2030CF890091B48F /* MovieListViewController.swift in Sources */ = {isa = PBXBuildFile; fileRef = 80673CAC2030CF890091B48F /* MovieListViewController.swift */; };
		80673CAF2030D83B0091B48F /* MainState.swift in Sources */ = {isa = PBXBuildFile; fileRef = 80673CAE2030D83B0091B48F /* MainState.swift */; };
		80673CB12030D8630091B48F /* Movie.swift in Sources */ = {isa = PBXBuildFile; fileRef = 80673CB02030D8630091B48F /* Movie.swift */; };
		80673CB32030E6090091B48F /* MovieListViewState.swift in Sources */ = {isa = PBXBuildFile; fileRef = 80673CB22030E6080091B48F /* MovieListViewState.swift */; };
		80673CB52030F5430091B48F /* MovieDetailViewController.swift in Sources */ = {isa = PBXBuildFile; fileRef = 80673CB42030F5430091B48F /* MovieDetailViewController.swift */; };
		80673CB72030F5FC0091B48F /* MovieDetailViewState.swift in Sources */ = {isa = PBXBuildFile; fileRef = 80673CB62030F5FC0091B48F /* MovieDetailViewState.swift */; };
		80673CB9203125300091B48F /* TMDB.swift in Sources */ = {isa = PBXBuildFile; fileRef = 80673CB8203125300091B48F /* TMDB.swift */; };
		80673CBE20313EA20091B48F /* UIImageView+MoviePoster.swift in Sources */ = {isa = PBXBuildFile; fileRef = 80673CBD20313EA20091B48F /* UIImageView+MoviePoster.swift */; };
		80673CC620322A6C0091B48F /* Genre.swift in Sources */ = {isa = PBXBuildFile; fileRef = 80673CC520322A6C0091B48F /* Genre.swift */; };
		80673CC8203238FC0091B48F /* Thunks.swift in Sources */ = {isa = PBXBuildFile; fileRef = 80673CC7203238FC0091B48F /* Thunks.swift */; };
		80673CCA20323AA70091B48F /* Pages.swift in Sources */ = {isa = PBXBuildFile; fileRef = 80673CC920323AA70091B48F /* Pages.swift */; };
		8076FB13208B6BFF00513FAC /* MainStateAction.swift in Sources */ = {isa = PBXBuildFile; fileRef = 8076FB12208B6BFF00513FAC /* MainStateAction.swift */; };
		80BFF62021D4911A00D99771 /* MovieListViewStateTests.swift in Sources */ = {isa = PBXBuildFile; fileRef = 80BFF61F21D4911A00D99771 /* MovieListViewStateTests.swift */; };
		8F78D29FD15515E0A0DB290B /* Pods_ReduxMovieDBTests.framework in Frameworks */ = {isa = PBXBuildFile; fileRef = 95329AAEB8BDA5A98456AF4B /* Pods_ReduxMovieDBTests.framework */; };
		94CDE0A723438A6A00545FF1 /* Localizable.strings in Resources */ = {isa = PBXBuildFile; fileRef = 94CDE0A923438A6A00545FF1 /* Localizable.strings */; };
		DE966D35234B781A00CCB0F0 /* ReduxMovieDBUITests.swift in Sources */ = {isa = PBXBuildFile; fileRef = DE966D34234B781A00CCB0F0 /* ReduxMovieDBUITests.swift */; };
/* End PBXBuildFile section */

/* Begin PBXContainerItemProxy section */
		80673C9E2030C3DA0091B48F /* PBXContainerItemProxy */ = {
			isa = PBXContainerItemProxy;
			containerPortal = 80673C812030C3DA0091B48F /* Project object */;
			proxyType = 1;
			remoteGlobalIDString = 80673C882030C3DA0091B48F;
			remoteInfo = ReduxMovieDB;
		};
		DE966D37234B781A00CCB0F0 /* PBXContainerItemProxy */ = {
			isa = PBXContainerItemProxy;
			containerPortal = 80673C812030C3DA0091B48F /* Project object */;
			proxyType = 1;
			remoteGlobalIDString = 80673C882030C3DA0091B48F;
			remoteInfo = ReduxMovieDB;
		};
/* End PBXContainerItemProxy section */

/* Begin PBXFileReference section */
		13E98F29840EB3FF1CDF29CA /* Pods-ReduxMovieDB.release.xcconfig */ = {isa = PBXFileReference; includeInIndex = 1; lastKnownFileType = text.xcconfig; name = "Pods-ReduxMovieDB.release.xcconfig"; path = "Pods/Target Support Files/Pods-ReduxMovieDB/Pods-ReduxMovieDB.release.xcconfig"; sourceTree = "<group>"; };
		30F9E0D8CDC279D30EA5ACC7 /* Pods-ReduxMovieDBTests.debug.xcconfig */ = {isa = PBXFileReference; includeInIndex = 1; lastKnownFileType = text.xcconfig; name = "Pods-ReduxMovieDBTests.debug.xcconfig"; path = "Pods/Target Support Files/Pods-ReduxMovieDBTests/Pods-ReduxMovieDBTests.debug.xcconfig"; sourceTree = "<group>"; };
		800E401E217FA5E300C2A3BD /* Movie+Differentiable.swift */ = {isa = PBXFileReference; lastKnownFileType = sourcecode.swift; path = "Movie+Differentiable.swift"; sourceTree = "<group>"; };
		802CD6A121D6A8D2000FF852 /* MovieDetailViewStateTests.swift */ = {isa = PBXFileReference; lastKnownFileType = sourcecode.swift; path = MovieDetailViewStateTests.swift; sourceTree = "<group>"; };
		805B438B21989719004A7C28 /* UITableView+DiffUpdate.swift */ = {isa = PBXFileReference; lastKnownFileType = sourcecode.swift; path = "UITableView+DiffUpdate.swift"; sourceTree = "<group>"; };
		80673C892030C3DA0091B48F /* ReduxMovieDB.app */ = {isa = PBXFileReference; explicitFileType = wrapper.application; includeInIndex = 0; path = ReduxMovieDB.app; sourceTree = BUILT_PRODUCTS_DIR; };
		80673C8C2030C3DA0091B48F /* AppDelegate.swift */ = {isa = PBXFileReference; lastKnownFileType = sourcecode.swift; path = AppDelegate.swift; sourceTree = "<group>"; };
		80673C8E2030C3DA0091B48F /* SplitViewController.swift */ = {isa = PBXFileReference; lastKnownFileType = sourcecode.swift; path = SplitViewController.swift; sourceTree = "<group>"; };
		80673C912030C3DA0091B48F /* Base */ = {isa = PBXFileReference; lastKnownFileType = file.storyboard; name = Base; path = Base.lproj/Main.storyboard; sourceTree = "<group>"; };
		80673C932030C3DA0091B48F /* Assets.xcassets */ = {isa = PBXFileReference; lastKnownFileType = folder.assetcatalog; path = Assets.xcassets; sourceTree = "<group>"; };
		80673C962030C3DA0091B48F /* Base */ = {isa = PBXFileReference; lastKnownFileType = file.storyboard; name = Base; path = Base.lproj/LaunchScreen.storyboard; sourceTree = "<group>"; };
		80673C982030C3DA0091B48F /* Info.plist */ = {isa = PBXFileReference; lastKnownFileType = text.plist.xml; path = Info.plist; sourceTree = "<group>"; };
		80673C9D2030C3DA0091B48F /* ReduxMovieDBTests.xctest */ = {isa = PBXFileReference; explicitFileType = wrapper.cfbundle; includeInIndex = 0; path = ReduxMovieDBTests.xctest; sourceTree = BUILT_PRODUCTS_DIR; };
		80673CA12030C3DA0091B48F /* MainStateTests.swift */ = {isa = PBXFileReference; lastKnownFileType = sourcecode.swift; path = MainStateTests.swift; sourceTree = "<group>"; };
		80673CA32030C3DA0091B48F /* Info.plist */ = {isa = PBXFileReference; lastKnownFileType = text.plist.xml; path = Info.plist; sourceTree = "<group>"; };
		80673CAC2030CF890091B48F /* MovieListViewController.swift */ = {isa = PBXFileReference; lastKnownFileType = sourcecode.swift; path = MovieListViewController.swift; sourceTree = "<group>"; };
		80673CAE2030D83B0091B48F /* MainState.swift */ = {isa = PBXFileReference; lastKnownFileType = sourcecode.swift; path = MainState.swift; sourceTree = "<group>"; };
		80673CB02030D8630091B48F /* Movie.swift */ = {isa = PBXFileReference; lastKnownFileType = sourcecode.swift; path = Movie.swift; sourceTree = "<group>"; };
		80673CB22030E6080091B48F /* MovieListViewState.swift */ = {isa = PBXFileReference; lastKnownFileType = sourcecode.swift; path = MovieListViewState.swift; sourceTree = "<group>"; };
		80673CB42030F5430091B48F /* MovieDetailViewController.swift */ = {isa = PBXFileReference; lastKnownFileType = sourcecode.swift; path = MovieDetailViewController.swift; sourceTree = "<group>"; };
		80673CB62030F5FC0091B48F /* MovieDetailViewState.swift */ = {isa = PBXFileReference; lastKnownFileType = sourcecode.swift; path = MovieDetailViewState.swift; sourceTree = "<group>"; };
		80673CB8203125300091B48F /* TMDB.swift */ = {isa = PBXFileReference; lastKnownFileType = sourcecode.swift; path = TMDB.swift; sourceTree = "<group>"; };
		80673CBD20313EA20091B48F /* UIImageView+MoviePoster.swift */ = {isa = PBXFileReference; lastKnownFileType = sourcecode.swift; path = "UIImageView+MoviePoster.swift"; sourceTree = "<group>"; };
		80673CC520322A6C0091B48F /* Genre.swift */ = {isa = PBXFileReference; lastKnownFileType = sourcecode.swift; path = Genre.swift; sourceTree = "<group>"; };
		80673CC7203238FC0091B48F /* Thunks.swift */ = {isa = PBXFileReference; lastKnownFileType = sourcecode.swift; path = Thunks.swift; sourceTree = "<group>"; };
		80673CC920323AA70091B48F /* Pages.swift */ = {isa = PBXFileReference; lastKnownFileType = sourcecode.swift; path = Pages.swift; sourceTree = "<group>"; };
		8076FB12208B6BFF00513FAC /* MainStateAction.swift */ = {isa = PBXFileReference; lastKnownFileType = sourcecode.swift; path = MainStateAction.swift; sourceTree = "<group>"; };
		80BFF61F21D4911A00D99771 /* MovieListViewStateTests.swift */ = {isa = PBXFileReference; lastKnownFileType = sourcecode.swift; path = MovieListViewStateTests.swift; sourceTree = "<group>"; };
		94CDE0A823438A6A00545FF1 /* en */ = {isa = PBXFileReference; lastKnownFileType = text.plist.strings; name = en; path = en.lproj/Localizable.strings; sourceTree = "<group>"; };
		94CDE0AA23438AD700545FF1 /* ru */ = {isa = PBXFileReference; lastKnownFileType = text.plist.strings; name = ru; path = ru.lproj/Localizable.strings; sourceTree = "<group>"; };
		95329AAEB8BDA5A98456AF4B /* Pods_ReduxMovieDBTests.framework */ = {isa = PBXFileReference; explicitFileType = wrapper.framework; includeInIndex = 0; path = Pods_ReduxMovieDBTests.framework; sourceTree = BUILT_PRODUCTS_DIR; };
		DE966D32234B781A00CCB0F0 /* ReduxMovieDBUITests.xctest */ = {isa = PBXFileReference; explicitFileType = wrapper.cfbundle; includeInIndex = 0; path = ReduxMovieDBUITests.xctest; sourceTree = BUILT_PRODUCTS_DIR; };
		DE966D34234B781A00CCB0F0 /* ReduxMovieDBUITests.swift */ = {isa = PBXFileReference; lastKnownFileType = sourcecode.swift; path = ReduxMovieDBUITests.swift; sourceTree = "<group>"; };
		DE966D36234B781A00CCB0F0 /* Info.plist */ = {isa = PBXFileReference; lastKnownFileType = text.plist.xml; path = Info.plist; sourceTree = "<group>"; };
		E6F0F62F1051E868DD2A7A1C /* Pods-ReduxMovieDBTests.release.xcconfig */ = {isa = PBXFileReference; includeInIndex = 1; lastKnownFileType = text.xcconfig; name = "Pods-ReduxMovieDBTests.release.xcconfig"; path = "Pods/Target Support Files/Pods-ReduxMovieDBTests/Pods-ReduxMovieDBTests.release.xcconfig"; sourceTree = "<group>"; };
		EB8B1F69E8325CD6968C206D /* Pods-ReduxMovieDB.debug.xcconfig */ = {isa = PBXFileReference; includeInIndex = 1; lastKnownFileType = text.xcconfig; name = "Pods-ReduxMovieDB.debug.xcconfig"; path = "Pods/Target Support Files/Pods-ReduxMovieDB/Pods-ReduxMovieDB.debug.xcconfig"; sourceTree = "<group>"; };
		FE35D096699EA77E6EA5F571 /* Pods_ReduxMovieDB.framework */ = {isa = PBXFileReference; explicitFileType = wrapper.framework; includeInIndex = 0; path = Pods_ReduxMovieDB.framework; sourceTree = BUILT_PRODUCTS_DIR; };
/* End PBXFileReference section */

/* Begin PBXFrameworksBuildPhase section */
		80673C862030C3DA0091B48F /* Frameworks */ = {
			isa = PBXFrameworksBuildPhase;
			buildActionMask = 2147483647;
			files = (
				2BB56F98FD90D772FD4F4C63 /* Pods_ReduxMovieDB.framework in Frameworks */,
			);
			runOnlyForDeploymentPostprocessing = 0;
		};
		80673C9A2030C3DA0091B48F /* Frameworks */ = {
			isa = PBXFrameworksBuildPhase;
			buildActionMask = 2147483647;
			files = (
				8F78D29FD15515E0A0DB290B /* Pods_ReduxMovieDBTests.framework in Frameworks */,
			);
			runOnlyForDeploymentPostprocessing = 0;
		};
		DE966D2F234B781A00CCB0F0 /* Frameworks */ = {
			isa = PBXFrameworksBuildPhase;
			buildActionMask = 2147483647;
			files = (
			);
			runOnlyForDeploymentPostprocessing = 0;
		};
/* End PBXFrameworksBuildPhase section */

/* Begin PBXGroup section */
		80673C802030C3DA0091B48F = {
			isa = PBXGroup;
			children = (
				80673C8B2030C3DA0091B48F /* ReduxMovieDB */,
				80673CA02030C3DA0091B48F /* ReduxMovieDBTests */,
				DE966D33234B781A00CCB0F0 /* ReduxMovieDBUITests */,
				80673C8A2030C3DA0091B48F /* Products */,
				D4C24798534322BDDE0E79FC /* Pods */,
				8D98CBDEDF94752D402B757F /* Frameworks */,
			);
			sourceTree = "<group>";
		};
		80673C8A2030C3DA0091B48F /* Products */ = {
			isa = PBXGroup;
			children = (
				80673C892030C3DA0091B48F /* ReduxMovieDB.app */,
				80673C9D2030C3DA0091B48F /* ReduxMovieDBTests.xctest */,
				DE966D32234B781A00CCB0F0 /* ReduxMovieDBUITests.xctest */,
			);
			name = Products;
			sourceTree = "<group>";
		};
		80673C8B2030C3DA0091B48F /* ReduxMovieDB */ = {
			isa = PBXGroup;
			children = (
				8076FB14208B6CBF00513FAC /* API */,
				80673CBA2031253F0091B48F /* Model */,
				8076FB11208B6BE200513FAC /* Actions */,
				8076FB10208B6B9200513FAC /* State */,
				8076FB0F208B6B7000513FAC /* ViewState */,
				80673CBB203125620091B48F /* Controllers */,
				80673CBC20313E8E0091B48F /* Extensions */,
				80673CC7203238FC0091B48F /* Thunks.swift */,
				80673C8C2030C3DA0091B48F /* AppDelegate.swift */,
				80673C902030C3DA0091B48F /* Main.storyboard */,
				80673C932030C3DA0091B48F /* Assets.xcassets */,
				80673C952030C3DA0091B48F /* LaunchScreen.storyboard */,
				80673C982030C3DA0091B48F /* Info.plist */,
				94CDE0A923438A6A00545FF1 /* Localizable.strings */,
			);
			path = ReduxMovieDB;
			sourceTree = "<group>";
		};
		80673CA02030C3DA0091B48F /* ReduxMovieDBTests */ = {
			isa = PBXGroup;
			children = (
				80BFF61B21D490CF00D99771 /* State */,
				80BFF61E21D490FA00D99771 /* ViewState */,
				80673CA32030C3DA0091B48F /* Info.plist */,
			);
			path = ReduxMovieDBTests;
			sourceTree = "<group>";
		};
		80673CBA2031253F0091B48F /* Model */ = {
			isa = PBXGroup;
			children = (
				80673CC920323AA70091B48F /* Pages.swift */,
				80673CB02030D8630091B48F /* Movie.swift */,
				800E401E217FA5E300C2A3BD /* Movie+Differentiable.swift */,
				80673CC520322A6C0091B48F /* Genre.swift */,
			);
			path = Model;
			sourceTree = "<group>";
		};
		80673CBB203125620091B48F /* Controllers */ = {
			isa = PBXGroup;
			children = (
				80673C8E2030C3DA0091B48F /* SplitViewController.swift */,
				80673CAC2030CF890091B48F /* MovieListViewController.swift */,
				80673CB42030F5430091B48F /* MovieDetailViewController.swift */,
			);
			path = Controllers;
			sourceTree = "<group>";
		};
		80673CBC20313E8E0091B48F /* Extensions */ = {
			isa = PBXGroup;
			children = (
				80673CBD20313EA20091B48F /* UIImageView+MoviePoster.swift */,
				805B438B21989719004A7C28 /* UITableView+DiffUpdate.swift */,
			);
			path = Extensions;
			sourceTree = "<group>";
		};
		8076FB0F208B6B7000513FAC /* ViewState */ = {
			isa = PBXGroup;
			children = (
				80673CB22030E6080091B48F /* MovieListViewState.swift */,
				80673CB62030F5FC0091B48F /* MovieDetailViewState.swift */,
			);
			path = ViewState;
			sourceTree = "<group>";
		};
		8076FB10208B6B9200513FAC /* State */ = {
			isa = PBXGroup;
			children = (
				80673CAE2030D83B0091B48F /* MainState.swift */,
			);
			path = State;
			sourceTree = "<group>";
		};
		8076FB11208B6BE200513FAC /* Actions */ = {
			isa = PBXGroup;
			children = (
				8076FB12208B6BFF00513FAC /* MainStateAction.swift */,
			);
			path = Actions;
			sourceTree = "<group>";
		};
		8076FB14208B6CBF00513FAC /* API */ = {
			isa = PBXGroup;
			children = (
				80673CB8203125300091B48F /* TMDB.swift */,
			);
			path = API;
			sourceTree = "<group>";
		};
		80BFF61B21D490CF00D99771 /* State */ = {
			isa = PBXGroup;
			children = (
				80673CA12030C3DA0091B48F /* MainStateTests.swift */,
			);
			path = State;
			sourceTree = "<group>";
		};
		80BFF61E21D490FA00D99771 /* ViewState */ = {
			isa = PBXGroup;
			children = (
				80BFF61F21D4911A00D99771 /* MovieListViewStateTests.swift */,
				802CD6A121D6A8D2000FF852 /* MovieDetailViewStateTests.swift */,
			);
			path = ViewState;
			sourceTree = "<group>";
		};
		8D98CBDEDF94752D402B757F /* Frameworks */ = {
			isa = PBXGroup;
			children = (
				FE35D096699EA77E6EA5F571 /* Pods_ReduxMovieDB.framework */,
				95329AAEB8BDA5A98456AF4B /* Pods_ReduxMovieDBTests.framework */,
			);
			name = Frameworks;
			sourceTree = "<group>";
		};
		D4C24798534322BDDE0E79FC /* Pods */ = {
			isa = PBXGroup;
			children = (
				EB8B1F69E8325CD6968C206D /* Pods-ReduxMovieDB.debug.xcconfig */,
				13E98F29840EB3FF1CDF29CA /* Pods-ReduxMovieDB.release.xcconfig */,
				30F9E0D8CDC279D30EA5ACC7 /* Pods-ReduxMovieDBTests.debug.xcconfig */,
				E6F0F62F1051E868DD2A7A1C /* Pods-ReduxMovieDBTests.release.xcconfig */,
			);
			name = Pods;
			sourceTree = "<group>";
		};
		DE966D33234B781A00CCB0F0 /* ReduxMovieDBUITests */ = {
			isa = PBXGroup;
			children = (
				DE966D34234B781A00CCB0F0 /* ReduxMovieDBUITests.swift */,
				DE966D36234B781A00CCB0F0 /* Info.plist */,
			);
			path = ReduxMovieDBUITests;
			sourceTree = "<group>";
		};
/* End PBXGroup section */

/* Begin PBXNativeTarget section */
		80673C882030C3DA0091B48F /* ReduxMovieDB */ = {
			isa = PBXNativeTarget;
			buildConfigurationList = 80673CA62030C3DA0091B48F /* Build configuration list for PBXNativeTarget "ReduxMovieDB" */;
			buildPhases = (
				3BFB14A496D0707B5C2F6760 /* [CP] Check Pods Manifest.lock */,
				80673C852030C3DA0091B48F /* Sources */,
				80673C862030C3DA0091B48F /* Frameworks */,
				80673C872030C3DA0091B48F /* Resources */,
				1E3E8EAFA5E6C1EC0966DAD2 /* [CP] Embed Pods Frameworks */,
			);
			buildRules = (
			);
			dependencies = (
			);
			name = ReduxMovieDB;
			productName = ReduxMovieDB;
			productReference = 80673C892030C3DA0091B48F /* ReduxMovieDB.app */;
			productType = "com.apple.product-type.application";
		};
		80673C9C2030C3DA0091B48F /* ReduxMovieDBTests */ = {
			isa = PBXNativeTarget;
			buildConfigurationList = 80673CA92030C3DA0091B48F /* Build configuration list for PBXNativeTarget "ReduxMovieDBTests" */;
			buildPhases = (
				491353CC5395D2E9540391A5 /* [CP] Check Pods Manifest.lock */,
				80673C992030C3DA0091B48F /* Sources */,
				80673C9A2030C3DA0091B48F /* Frameworks */,
				80673C9B2030C3DA0091B48F /* Resources */,
			);
			buildRules = (
			);
			dependencies = (
				80673C9F2030C3DA0091B48F /* PBXTargetDependency */,
			);
			name = ReduxMovieDBTests;
			productName = ReduxMovieDBTests;
			productReference = 80673C9D2030C3DA0091B48F /* ReduxMovieDBTests.xctest */;
			productType = "com.apple.product-type.bundle.unit-test";
		};
		DE966D31234B781A00CCB0F0 /* ReduxMovieDBUITests */ = {
			isa = PBXNativeTarget;
			buildConfigurationList = DE966D39234B781A00CCB0F0 /* Build configuration list for PBXNativeTarget "ReduxMovieDBUITests" */;
			buildPhases = (
				DE966D2E234B781A00CCB0F0 /* Sources */,
				DE966D2F234B781A00CCB0F0 /* Frameworks */,
				DE966D30234B781A00CCB0F0 /* Resources */,
			);
			buildRules = (
			);
			dependencies = (
				DE966D38234B781A00CCB0F0 /* PBXTargetDependency */,
			);
			name = ReduxMovieDBUITests;
			productName = ReduxMovieDBUITests;
			productReference = DE966D32234B781A00CCB0F0 /* ReduxMovieDBUITests.xctest */;
			productType = "com.apple.product-type.bundle.ui-testing";
		};
/* End PBXNativeTarget section */

/* Begin PBXProject section */
		80673C812030C3DA0091B48F /* Project object */ = {
			isa = PBXProject;
			attributes = {
				LastSwiftUpdateCheck = 1030;
				LastUpgradeCheck = 1100;
				ORGANIZATIONNAME = "Matheus Cardoso";
				TargetAttributes = {
					80673C882030C3DA0091B48F = {
						CreatedOnToolsVersion = 9.2;
						LastSwiftMigration = 1020;
						ProvisioningStyle = Automatic;
					};
					80673C9C2030C3DA0091B48F = {
						CreatedOnToolsVersion = 9.2;
						LastSwiftMigration = 1020;
						ProvisioningStyle = Automatic;
						TestTargetID = 80673C882030C3DA0091B48F;
					};
					DE966D31234B781A00CCB0F0 = {
						CreatedOnToolsVersion = 10.3;
						ProvisioningStyle = Automatic;
						TestTargetID = 80673C882030C3DA0091B48F;
					};
				};
			};
			buildConfigurationList = 80673C842030C3DA0091B48F /* Build configuration list for PBXProject "ReduxMovieDB" */;
			compatibilityVersion = "Xcode 8.0";
			developmentRegion = en;
			hasScannedForEncodings = 0;
			knownRegions = (
				en,
				Base,
				ru,
			);
			mainGroup = 80673C802030C3DA0091B48F;
			productRefGroup = 80673C8A2030C3DA0091B48F /* Products */;
			projectDirPath = "";
			projectRoot = "";
			targets = (
				80673C882030C3DA0091B48F /* ReduxMovieDB */,
				80673C9C2030C3DA0091B48F /* ReduxMovieDBTests */,
				DE966D31234B781A00CCB0F0 /* ReduxMovieDBUITests */,
			);
		};
/* End PBXProject section */

/* Begin PBXResourcesBuildPhase section */
		80673C872030C3DA0091B48F /* Resources */ = {
			isa = PBXResourcesBuildPhase;
			buildActionMask = 2147483647;
			files = (
				80673C972030C3DA0091B48F /* LaunchScreen.storyboard in Resources */,
				94CDE0A723438A6A00545FF1 /* Localizable.strings in Resources */,
				80673C942030C3DA0091B48F /* Assets.xcassets in Resources */,
				80673C922030C3DA0091B48F /* Main.storyboard in Resources */,
			);
			runOnlyForDeploymentPostprocessing = 0;
		};
		80673C9B2030C3DA0091B48F /* Resources */ = {
			isa = PBXResourcesBuildPhase;
			buildActionMask = 2147483647;
			files = (
			);
			runOnlyForDeploymentPostprocessing = 0;
		};
		DE966D30234B781A00CCB0F0 /* Resources */ = {
			isa = PBXResourcesBuildPhase;
			buildActionMask = 2147483647;
			files = (
			);
			runOnlyForDeploymentPostprocessing = 0;
		};
/* End PBXResourcesBuildPhase section */

/* Begin PBXShellScriptBuildPhase section */
		1E3E8EAFA5E6C1EC0966DAD2 /* [CP] Embed Pods Frameworks */ = {
			isa = PBXShellScriptBuildPhase;
			buildActionMask = 2147483647;
			files = (
			);
			inputPaths = (
				"${PODS_ROOT}/Target Support Files/Pods-ReduxMovieDB/Pods-ReduxMovieDB-frameworks.sh",
				"${BUILT_PRODUCTS_DIR}/DifferenceKit/DifferenceKit.framework",
				"${BUILT_PRODUCTS_DIR}/Nuke/Nuke.framework",
				"${BUILT_PRODUCTS_DIR}/ReSwift/ReSwift.framework",
				"${BUILT_PRODUCTS_DIR}/ReSwiftThunk/ReSwiftThunk.framework",
				"${BUILT_PRODUCTS_DIR}/RxCocoa/RxCocoa.framework",
				"${BUILT_PRODUCTS_DIR}/RxKeyboard/RxKeyboard.framework",
				"${BUILT_PRODUCTS_DIR}/RxRelay/RxRelay.framework",
				"${BUILT_PRODUCTS_DIR}/RxSwift/RxSwift.framework",
			);
			name = "[CP] Embed Pods Frameworks";
			outputPaths = (
				"${TARGET_BUILD_DIR}/${FRAMEWORKS_FOLDER_PATH}/DifferenceKit.framework",
				"${TARGET_BUILD_DIR}/${FRAMEWORKS_FOLDER_PATH}/Nuke.framework",
				"${TARGET_BUILD_DIR}/${FRAMEWORKS_FOLDER_PATH}/ReSwift.framework",
				"${TARGET_BUILD_DIR}/${FRAMEWORKS_FOLDER_PATH}/ReSwiftThunk.framework",
				"${TARGET_BUILD_DIR}/${FRAMEWORKS_FOLDER_PATH}/RxCocoa.framework",
				"${TARGET_BUILD_DIR}/${FRAMEWORKS_FOLDER_PATH}/RxKeyboard.framework",
				"${TARGET_BUILD_DIR}/${FRAMEWORKS_FOLDER_PATH}/RxRelay.framework",
				"${TARGET_BUILD_DIR}/${FRAMEWORKS_FOLDER_PATH}/RxSwift.framework",
			);
			runOnlyForDeploymentPostprocessing = 0;
			shellPath = /bin/sh;
			shellScript = "\"${PODS_ROOT}/Target Support Files/Pods-ReduxMovieDB/Pods-ReduxMovieDB-frameworks.sh\"\n";
			showEnvVarsInLog = 0;
		};
		3BFB14A496D0707B5C2F6760 /* [CP] Check Pods Manifest.lock */ = {
			isa = PBXShellScriptBuildPhase;
			buildActionMask = 2147483647;
			files = (
			);
			inputPaths = (
				"${PODS_PODFILE_DIR_PATH}/Podfile.lock",
				"${PODS_ROOT}/Manifest.lock",
			);
			name = "[CP] Check Pods Manifest.lock";
			outputPaths = (
				"$(DERIVED_FILE_DIR)/Pods-ReduxMovieDB-checkManifestLockResult.txt",
			);
			runOnlyForDeploymentPostprocessing = 0;
			shellPath = /bin/sh;
			shellScript = "diff \"${PODS_PODFILE_DIR_PATH}/Podfile.lock\" \"${PODS_ROOT}/Manifest.lock\" > /dev/null\nif [ $? != 0 ] ; then\n    # print error to STDERR\n    echo \"error: The sandbox is not in sync with the Podfile.lock. Run 'pod install' or update your CocoaPods installation.\" >&2\n    exit 1\nfi\n# This output is used by Xcode 'outputs' to avoid re-running this script phase.\necho \"SUCCESS\" > \"${SCRIPT_OUTPUT_FILE_0}\"\n";
			showEnvVarsInLog = 0;
		};
		491353CC5395D2E9540391A5 /* [CP] Check Pods Manifest.lock */ = {
			isa = PBXShellScriptBuildPhase;
			buildActionMask = 2147483647;
			files = (
			);
			inputPaths = (
				"${PODS_PODFILE_DIR_PATH}/Podfile.lock",
				"${PODS_ROOT}/Manifest.lock",
			);
			name = "[CP] Check Pods Manifest.lock";
			outputPaths = (
				"$(DERIVED_FILE_DIR)/Pods-ReduxMovieDBTests-checkManifestLockResult.txt",
			);
			runOnlyForDeploymentPostprocessing = 0;
			shellPath = /bin/sh;
			shellScript = "diff \"${PODS_PODFILE_DIR_PATH}/Podfile.lock\" \"${PODS_ROOT}/Manifest.lock\" > /dev/null\nif [ $? != 0 ] ; then\n    # print error to STDERR\n    echo \"error: The sandbox is not in sync with the Podfile.lock. Run 'pod install' or update your CocoaPods installation.\" >&2\n    exit 1\nfi\n# This output is used by Xcode 'outputs' to avoid re-running this script phase.\necho \"SUCCESS\" > \"${SCRIPT_OUTPUT_FILE_0}\"\n";
			showEnvVarsInLog = 0;
		};
/* End PBXShellScriptBuildPhase section */

/* Begin PBXSourcesBuildPhase section */
		80673C852030C3DA0091B48F /* Sources */ = {
			isa = PBXSourcesBuildPhase;
			buildActionMask = 2147483647;
			files = (
				8076FB13208B6BFF00513FAC /* MainStateAction.swift in Sources */,
				80673CAD2030CF890091B48F /* MovieListViewController.swift in Sources */,
				80673C8F2030C3DA0091B48F /* SplitViewController.swift in Sources */,
				800E401F217FA5E300C2A3BD /* Movie+Differentiable.swift in Sources */,
				80673C8D2030C3DA0091B48F /* AppDelegate.swift in Sources */,
				80673CC620322A6C0091B48F /* Genre.swift in Sources */,
				80673CB32030E6090091B48F /* MovieListViewState.swift in Sources */,
				80673CB9203125300091B48F /* TMDB.swift in Sources */,
				80673CB72030F5FC0091B48F /* MovieDetailViewState.swift in Sources */,
				80673CB52030F5430091B48F /* MovieDetailViewController.swift in Sources */,
				80673CBE20313EA20091B48F /* UIImageView+MoviePoster.swift in Sources */,
				80673CAF2030D83B0091B48F /* MainState.swift in Sources */,
				80673CB12030D8630091B48F /* Movie.swift in Sources */,
				80673CCA20323AA70091B48F /* Pages.swift in Sources */,
				80673CC8203238FC0091B48F /* Thunks.swift in Sources */,
				805B438C2198971A004A7C28 /* UITableView+DiffUpdate.swift in Sources */,
			);
			runOnlyForDeploymentPostprocessing = 0;
		};
		80673C992030C3DA0091B48F /* Sources */ = {
			isa = PBXSourcesBuildPhase;
			buildActionMask = 2147483647;
			files = (
				80673CA22030C3DA0091B48F /* MainStateTests.swift in Sources */,
				802CD6A221D6A8D2000FF852 /* MovieDetailViewStateTests.swift in Sources */,
				80BFF62021D4911A00D99771 /* MovieListViewStateTests.swift in Sources */,
			);
			runOnlyForDeploymentPostprocessing = 0;
		};
		DE966D2E234B781A00CCB0F0 /* Sources */ = {
			isa = PBXSourcesBuildPhase;
			buildActionMask = 2147483647;
			files = (
				DE966D35234B781A00CCB0F0 /* ReduxMovieDBUITests.swift in Sources */,
			);
			runOnlyForDeploymentPostprocessing = 0;
		};
/* End PBXSourcesBuildPhase section */

/* Begin PBXTargetDependency section */
		80673C9F2030C3DA0091B48F /* PBXTargetDependency */ = {
			isa = PBXTargetDependency;
			target = 80673C882030C3DA0091B48F /* ReduxMovieDB */;
			targetProxy = 80673C9E2030C3DA0091B48F /* PBXContainerItemProxy */;
		};
		DE966D38234B781A00CCB0F0 /* PBXTargetDependency */ = {
			isa = PBXTargetDependency;
			target = 80673C882030C3DA0091B48F /* ReduxMovieDB */;
			targetProxy = DE966D37234B781A00CCB0F0 /* PBXContainerItemProxy */;
		};
/* End PBXTargetDependency section */

/* Begin PBXVariantGroup section */
		80673C902030C3DA0091B48F /* Main.storyboard */ = {
			isa = PBXVariantGroup;
			children = (
				80673C912030C3DA0091B48F /* Base */,
			);
			name = Main.storyboard;
			sourceTree = "<group>";
		};
		80673C952030C3DA0091B48F /* LaunchScreen.storyboard */ = {
			isa = PBXVariantGroup;
			children = (
				80673C962030C3DA0091B48F /* Base */,
			);
			name = LaunchScreen.storyboard;
			sourceTree = "<group>";
		};
		94CDE0A923438A6A00545FF1 /* Localizable.strings */ = {
			isa = PBXVariantGroup;
			children = (
				94CDE0A823438A6A00545FF1 /* en */,
				94CDE0AA23438AD700545FF1 /* ru */,
			);
			name = Localizable.strings;
			sourceTree = "<group>";
		};
/* End PBXVariantGroup section */

/* Begin XCBuildConfiguration section */
		80673CA42030C3DA0091B48F /* Debug */ = {
			isa = XCBuildConfiguration;
			buildSettings = {
				ALWAYS_SEARCH_USER_PATHS = NO;
				CLANG_ANALYZER_LOCALIZABILITY_NONLOCALIZED = YES;
				CLANG_ANALYZER_NONNULL = YES;
				CLANG_ANALYZER_NUMBER_OBJECT_CONVERSION = YES_AGGRESSIVE;
				CLANG_CXX_LANGUAGE_STANDARD = "gnu++14";
				CLANG_CXX_LIBRARY = "libc++";
				CLANG_ENABLE_MODULES = YES;
				CLANG_ENABLE_OBJC_ARC = YES;
				CLANG_WARN_BLOCK_CAPTURE_AUTORELEASING = YES;
				CLANG_WARN_BOOL_CONVERSION = YES;
				CLANG_WARN_COMMA = YES;
				CLANG_WARN_CONSTANT_CONVERSION = YES;
				CLANG_WARN_DEPRECATED_OBJC_IMPLEMENTATIONS = YES;
				CLANG_WARN_DIRECT_OBJC_ISA_USAGE = YES_ERROR;
				CLANG_WARN_DOCUMENTATION_COMMENTS = YES;
				CLANG_WARN_EMPTY_BODY = YES;
				CLANG_WARN_ENUM_CONVERSION = YES;
				CLANG_WARN_INFINITE_RECURSION = YES;
				CLANG_WARN_INT_CONVERSION = YES;
				CLANG_WARN_NON_LITERAL_NULL_CONVERSION = YES;
				CLANG_WARN_OBJC_IMPLICIT_RETAIN_SELF = YES;
				CLANG_WARN_OBJC_LITERAL_CONVERSION = YES;
				CLANG_WARN_OBJC_ROOT_CLASS = YES_ERROR;
				CLANG_WARN_RANGE_LOOP_ANALYSIS = YES;
				CLANG_WARN_STRICT_PROTOTYPES = YES;
				CLANG_WARN_SUSPICIOUS_MOVE = YES;
				CLANG_WARN_UNGUARDED_AVAILABILITY = YES_AGGRESSIVE;
				CLANG_WARN_UNREACHABLE_CODE = YES;
				CLANG_WARN__DUPLICATE_METHOD_MATCH = YES;
				CODE_SIGN_IDENTITY = "iPhone Developer";
				COPY_PHASE_STRIP = NO;
				DEBUG_INFORMATION_FORMAT = dwarf;
				ENABLE_STRICT_OBJC_MSGSEND = YES;
				ENABLE_TESTABILITY = YES;
				GCC_C_LANGUAGE_STANDARD = gnu11;
				GCC_DYNAMIC_NO_PIC = NO;
				GCC_NO_COMMON_BLOCKS = YES;
				GCC_OPTIMIZATION_LEVEL = 0;
				GCC_PREPROCESSOR_DEFINITIONS = (
					"DEBUG=1",
					"$(inherited)",
				);
				GCC_WARN_64_TO_32_BIT_CONVERSION = YES;
				GCC_WARN_ABOUT_RETURN_TYPE = YES_ERROR;
				GCC_WARN_UNDECLARED_SELECTOR = YES;
				GCC_WARN_UNINITIALIZED_AUTOS = YES_AGGRESSIVE;
				GCC_WARN_UNUSED_FUNCTION = YES;
				GCC_WARN_UNUSED_VARIABLE = YES;
				IPHONEOS_DEPLOYMENT_TARGET = 12.4;
				MTL_ENABLE_DEBUG_INFO = YES;
				ONLY_ACTIVE_ARCH = YES;
				SDKROOT = iphoneos;
				SWIFT_ACTIVE_COMPILATION_CONDITIONS = DEBUG;
				SWIFT_OPTIMIZATION_LEVEL = "-Onone";
				SWIFT_VERSION = 5.0;
			};
			name = Debug;
		};
		80673CA52030C3DA0091B48F /* Release */ = {
			isa = XCBuildConfiguration;
			buildSettings = {
				ALWAYS_SEARCH_USER_PATHS = NO;
				CLANG_ANALYZER_LOCALIZABILITY_NONLOCALIZED = YES;
				CLANG_ANALYZER_NONNULL = YES;
				CLANG_ANALYZER_NUMBER_OBJECT_CONVERSION = YES_AGGRESSIVE;
				CLANG_CXX_LANGUAGE_STANDARD = "gnu++14";
				CLANG_CXX_LIBRARY = "libc++";
				CLANG_ENABLE_MODULES = YES;
				CLANG_ENABLE_OBJC_ARC = YES;
				CLANG_WARN_BLOCK_CAPTURE_AUTORELEASING = YES;
				CLANG_WARN_BOOL_CONVERSION = YES;
				CLANG_WARN_COMMA = YES;
				CLANG_WARN_CONSTANT_CONVERSION = YES;
				CLANG_WARN_DEPRECATED_OBJC_IMPLEMENTATIONS = YES;
				CLANG_WARN_DIRECT_OBJC_ISA_USAGE = YES_ERROR;
				CLANG_WARN_DOCUMENTATION_COMMENTS = YES;
				CLANG_WARN_EMPTY_BODY = YES;
				CLANG_WARN_ENUM_CONVERSION = YES;
				CLANG_WARN_INFINITE_RECURSION = YES;
				CLANG_WARN_INT_CONVERSION = YES;
				CLANG_WARN_NON_LITERAL_NULL_CONVERSION = YES;
				CLANG_WARN_OBJC_IMPLICIT_RETAIN_SELF = YES;
				CLANG_WARN_OBJC_LITERAL_CONVERSION = YES;
				CLANG_WARN_OBJC_ROOT_CLASS = YES_ERROR;
				CLANG_WARN_RANGE_LOOP_ANALYSIS = YES;
				CLANG_WARN_STRICT_PROTOTYPES = YES;
				CLANG_WARN_SUSPICIOUS_MOVE = YES;
				CLANG_WARN_UNGUARDED_AVAILABILITY = YES_AGGRESSIVE;
				CLANG_WARN_UNREACHABLE_CODE = YES;
				CLANG_WARN__DUPLICATE_METHOD_MATCH = YES;
				CODE_SIGN_IDENTITY = "iPhone Developer";
				COPY_PHASE_STRIP = NO;
				DEBUG_INFORMATION_FORMAT = "dwarf-with-dsym";
				ENABLE_NS_ASSERTIONS = NO;
				ENABLE_STRICT_OBJC_MSGSEND = YES;
				GCC_C_LANGUAGE_STANDARD = gnu11;
				GCC_NO_COMMON_BLOCKS = YES;
				GCC_WARN_64_TO_32_BIT_CONVERSION = YES;
				GCC_WARN_ABOUT_RETURN_TYPE = YES_ERROR;
				GCC_WARN_UNDECLARED_SELECTOR = YES;
				GCC_WARN_UNINITIALIZED_AUTOS = YES_AGGRESSIVE;
				GCC_WARN_UNUSED_FUNCTION = YES;
				GCC_WARN_UNUSED_VARIABLE = YES;
				IPHONEOS_DEPLOYMENT_TARGET = 12.4;
				MTL_ENABLE_DEBUG_INFO = NO;
				SDKROOT = iphoneos;
				SWIFT_OPTIMIZATION_LEVEL = "-Owholemodule";
				SWIFT_VERSION = 5.0;
				VALIDATE_PRODUCT = YES;
			};
			name = Release;
		};
		80673CA72030C3DA0091B48F /* Debug */ = {
			isa = XCBuildConfiguration;
			baseConfigurationReference = EB8B1F69E8325CD6968C206D /* Pods-ReduxMovieDB.debug.xcconfig */;
			buildSettings = {
				ASSETCATALOG_COMPILER_APPICON_NAME = AppIcon;
				CODE_SIGN_STYLE = Automatic;
				DEVELOPMENT_TEAM = "";
				INFOPLIST_FILE = ReduxMovieDB/Info.plist;
				LD_RUNPATH_SEARCH_PATHS = "$(inherited) @executable_path/Frameworks";
				PRODUCT_BUNDLE_IDENTIFIER = cardoso.ReduxMovieDB;
				PRODUCT_NAME = "$(TARGET_NAME)";
				SWIFT_VERSION = 5.0;
				TARGETED_DEVICE_FAMILY = "1,2";
			};
			name = Debug;
		};
		80673CA82030C3DA0091B48F /* Release */ = {
			isa = XCBuildConfiguration;
			baseConfigurationReference = 13E98F29840EB3FF1CDF29CA /* Pods-ReduxMovieDB.release.xcconfig */;
			buildSettings = {
				ASSETCATALOG_COMPILER_APPICON_NAME = AppIcon;
				CODE_SIGN_STYLE = Automatic;
				DEVELOPMENT_TEAM = "";
				INFOPLIST_FILE = ReduxMovieDB/Info.plist;
				LD_RUNPATH_SEARCH_PATHS = "$(inherited) @executable_path/Frameworks";
				PRODUCT_BUNDLE_IDENTIFIER = cardoso.ReduxMovieDB;
				PRODUCT_NAME = "$(TARGET_NAME)";
				SWIFT_VERSION = 5.0;
				TARGETED_DEVICE_FAMILY = "1,2";
			};
			name = Release;
		};
		80673CAA2030C3DA0091B48F /* Debug */ = {
			isa = XCBuildConfiguration;
			baseConfigurationReference = 30F9E0D8CDC279D30EA5ACC7 /* Pods-ReduxMovieDBTests.debug.xcconfig */;
			buildSettings = {
				ALWAYS_EMBED_SWIFT_STANDARD_LIBRARIES = YES;
				BUNDLE_LOADER = "$(TEST_HOST)";
				CODE_SIGN_STYLE = Automatic;
				DEVELOPMENT_TEAM = FWD9V5VYJ2;
				INFOPLIST_FILE = ReduxMovieDBTests/Info.plist;
				LD_RUNPATH_SEARCH_PATHS = "$(inherited) @executable_path/Frameworks @loader_path/Frameworks";
				PRODUCT_BUNDLE_IDENTIFIER = cardoso.ReduxMovieDBTests;
				PRODUCT_NAME = "$(TARGET_NAME)";
				SWIFT_VERSION = 5.0;
				TARGETED_DEVICE_FAMILY = "1,2";
				TEST_HOST = "$(BUILT_PRODUCTS_DIR)/ReduxMovieDB.app/ReduxMovieDB";
			};
			name = Debug;
		};
		80673CAB2030C3DA0091B48F /* Release */ = {
			isa = XCBuildConfiguration;
			baseConfigurationReference = E6F0F62F1051E868DD2A7A1C /* Pods-ReduxMovieDBTests.release.xcconfig */;
			buildSettings = {
				ALWAYS_EMBED_SWIFT_STANDARD_LIBRARIES = YES;
				BUNDLE_LOADER = "$(TEST_HOST)";
				CODE_SIGN_STYLE = Automatic;
				DEVELOPMENT_TEAM = FWD9V5VYJ2;
				INFOPLIST_FILE = ReduxMovieDBTests/Info.plist;
				LD_RUNPATH_SEARCH_PATHS = "$(inherited) @executable_path/Frameworks @loader_path/Frameworks";
				PRODUCT_BUNDLE_IDENTIFIER = cardoso.ReduxMovieDBTests;
				PRODUCT_NAME = "$(TARGET_NAME)";
				SWIFT_VERSION = 5.0;
				TARGETED_DEVICE_FAMILY = "1,2";
				TEST_HOST = "$(BUILT_PRODUCTS_DIR)/ReduxMovieDB.app/ReduxMovieDB";
			};
			name = Release;
		};
		DE966D3A234B781A00CCB0F0 /* Debug */ = {
			isa = XCBuildConfiguration;
			buildSettings = {
				CLANG_ENABLE_OBJC_WEAK = YES;
				CODE_SIGN_STYLE = Automatic;
				INFOPLIST_FILE = ReduxMovieDBUITests/Info.plist;
				IPHONEOS_DEPLOYMENT_TARGET = 12.4;
				LD_RUNPATH_SEARCH_PATHS = "$(inherited) @executable_path/Frameworks @loader_path/Frameworks";
				MTL_ENABLE_DEBUG_INFO = INCLUDE_SOURCE;
				MTL_FAST_MATH = YES;
				PRODUCT_BUNDLE_IDENTIFIER = thaysprado.ReduxMovieDBUITests;
				PRODUCT_NAME = "$(TARGET_NAME)";
				SWIFT_VERSION = 5.0;
				TARGETED_DEVICE_FAMILY = "1,2";
				TEST_TARGET_NAME = ReduxMovieDB;
			};
			name = Debug;
		};
		DE966D3B234B781A00CCB0F0 /* Release */ = {
			isa = XCBuildConfiguration;
			buildSettings = {
				CLANG_ENABLE_OBJC_WEAK = YES;
				CODE_SIGN_STYLE = Automatic;
				INFOPLIST_FILE = ReduxMovieDBUITests/Info.plist;
				IPHONEOS_DEPLOYMENT_TARGET = 12.4;
				LD_RUNPATH_SEARCH_PATHS = "$(inherited) @executable_path/Frameworks @loader_path/Frameworks";
				MTL_FAST_MATH = YES;
				PRODUCT_BUNDLE_IDENTIFIER = thaysprado.ReduxMovieDBUITests;
				PRODUCT_NAME = "$(TARGET_NAME)";
				SWIFT_VERSION = 5.0;
				TARGETED_DEVICE_FAMILY = "1,2";
				TEST_TARGET_NAME = ReduxMovieDB;
			};
			name = Release;
		};
/* End XCBuildConfiguration section */

/* Begin XCConfigurationList section */
		80673C842030C3DA0091B48F /* Build configuration list for PBXProject "ReduxMovieDB" */ = {
			isa = XCConfigurationList;
			buildConfigurations = (
				80673CA42030C3DA0091B48F /* Debug */,
				80673CA52030C3DA0091B48F /* Release */,
			);
			defaultConfigurationIsVisible = 0;
			defaultConfigurationName = Release;
		};
		80673CA62030C3DA0091B48F /* Build configuration list for PBXNativeTarget "ReduxMovieDB" */ = {
			isa = XCConfigurationList;
			buildConfigurations = (
				80673CA72030C3DA0091B48F /* Debug */,
				80673CA82030C3DA0091B48F /* Release */,
			);
			defaultConfigurationIsVisible = 0;
			defaultConfigurationName = Release;
		};
		80673CA92030C3DA0091B48F /* Build configuration list for PBXNativeTarget "ReduxMovieDBTests" */ = {
			isa = XCConfigurationList;
			buildConfigurations = (
				80673CAA2030C3DA0091B48F /* Debug */,
				80673CAB2030C3DA0091B48F /* Release */,
			);
			defaultConfigurationIsVisible = 0;
			defaultConfigurationName = Release;
		};
		DE966D39234B781A00CCB0F0 /* Build configuration list for PBXNativeTarget "ReduxMovieDBUITests" */ = {
			isa = XCConfigurationList;
			buildConfigurations = (
				DE966D3A234B781A00CCB0F0 /* Debug */,
				DE966D3B234B781A00CCB0F0 /* Release */,
			);
			defaultConfigurationIsVisible = 0;
			defaultConfigurationName = Release;
		};
/* End XCConfigurationList section */
	};
	rootObject = 80673C812030C3DA0091B48F /* Project object */;
}
